
Microsoft Visual Studio Solution File, Format Version 11.00
# Visual Studio 2010
Project("{FAE04EC0-301F-11D3-BF4B-00C04F79EFBC}") = "Assembly-CSharp", "Assembly-CSharp.csproj", "{832C9A3B-950D-6E3B-00E3-4708F51FBA52}"
EndProject
Project("{FAE04EC0-301F-11D3-BF4B-00C04F79EFBC}") = "Assembly-CSharp-Editor", "Assembly-CSharp-Editor.csproj", "{0FC2083B-1966-A3C8-B8A6-0AF92951CA27}"
EndProject
Global
	GlobalSection(SolutionConfigurationPlatforms) = preSolution
		Debug|Any CPU = Debug|Any CPU
		Release|Any CPU = Release|Any CPU
	EndGlobalSection
	GlobalSection(ProjectConfigurationPlatforms) = postSolution
		{832C9A3B-950D-6E3B-00E3-4708F51FBA52}.Debug|Any CPU.ActiveCfg = Debug|Any CPU
		{832C9A3B-950D-6E3B-00E3-4708F51FBA52}.Debug|Any CPU.Build.0 = Debug|Any CPU
		{832C9A3B-950D-6E3B-00E3-4708F51FBA52}.Release|Any CPU.ActiveCfg = Release|Any CPU
		{832C9A3B-950D-6E3B-00E3-4708F51FBA52}.Release|Any CPU.Build.0 = Release|Any CPU
		{0FC2083B-1966-A3C8-B8A6-0AF92951CA27}.Debug|Any CPU.ActiveCfg = Debug|Any CPU
		{0FC2083B-1966-A3C8-B8A6-0AF92951CA27}.Debug|Any CPU.Build.0 = Debug|Any CPU
		{0FC2083B-1966-A3C8-B8A6-0AF92951CA27}.Release|Any CPU.ActiveCfg = Release|Any CPU
		{0FC2083B-1966-A3C8-B8A6-0AF92951CA27}.Release|Any CPU.Build.0 = Release|Any CPU
	EndGlobalSection
	GlobalSection(SolutionProperties) = preSolution
		HideSolutionNode = FALSE
	EndGlobalSection
EndGlobal
